// !$*UTF8*$!
{
	archiveVersion = 1;
	classes = {
	};
	objectVersion = 50;
	objects = {

/* Begin PBXBuildFile section */
		572ABDC724C6D75D00481B86 /* UIViewController+Extensions.swift in Sources */ = {isa = PBXBuildFile; fileRef = 572ABDC624C6D75D00481B86 /* UIViewController+Extensions.swift */; };
		57392E9224D1637A00908246 /* AudioPlayer.swift in Sources */ = {isa = PBXBuildFile; fileRef = 57392E9124D1637A00908246 /* AudioPlayer.swift */; };
		57392E9424D1645100908246 /* after-the-rain.wav in Resources */ = {isa = PBXBuildFile; fileRef = 57392E9324D1645100908246 /* after-the-rain.wav */; };
		57392E9B24D188D100908246 /* beach-waves.wav in Resources */ = {isa = PBXBuildFile; fileRef = 57392E9A24D188D100908246 /* beach-waves.wav */; };
		5756A52524D056E100839343 /* PhoneViewController.swift in Sources */ = {isa = PBXBuildFile; fileRef = 5756A52424D056E100839343 /* PhoneViewController.swift */; };
		57777DF124CACA7F00C3F342 /* FadeAnimation.swift in Sources */ = {isa = PBXBuildFile; fileRef = 57777DF024CACA7F00C3F342 /* FadeAnimation.swift */; };
		57CAC68D24C590DF00062191 /* Score+Extensions.swift in Sources */ = {isa = PBXBuildFile; fileRef = 57CAC68C24C590DF00062191 /* Score+Extensions.swift */; };
		57D68BEB24D2B83600C7BB1E /* BetterLife_Kantor.mp3 in Resources */ = {isa = PBXBuildFile; fileRef = 57D68BE924D2B83600C7BB1E /* BetterLife_Kantor.mp3 */; };
		57D68BEC24D2B83600C7BB1E /* DoneWithWork_Cafe.mp3 in Resources */ = {isa = PBXBuildFile; fileRef = 57D68BEA24D2B83600C7BB1E /* DoneWithWork_Cafe.mp3 */; };
		57D68BEE24D2DA8A00C7BB1E /* MainViewController.swift in Sources */ = {isa = PBXBuildFile; fileRef = 57D68BED24D2DA8A00C7BB1E /* MainViewController.swift */; };
		57D68BF024D2F7A500C7BB1E /* ImageViewWithPersistentAnimations.swift in Sources */ = {isa = PBXBuildFile; fileRef = 57D68BEF24D2F7A500C7BB1E /* ImageViewWithPersistentAnimations.swift */; };
		710F595124C595870037185E /* Rumah.storyboard in Resources */ = {isa = PBXBuildFile; fileRef = 710F595024C595870037185E /* Rumah.storyboard */; };
		710F595324C5F6380037185E /* RumahViewController.swift in Sources */ = {isa = PBXBuildFile; fileRef = 710F595224C5F6380037185E /* RumahViewController.swift */; };
		710F595524C601790037185E /* Gradient.swift in Sources */ = {isa = PBXBuildFile; fileRef = 710F595424C601790037185E /* Gradient.swift */; };
		713A7BFC24C6DAFB006049FB /* Pantai.storyboard in Resources */ = {isa = PBXBuildFile; fileRef = 713A7BFB24C6DAFB006049FB /* Pantai.storyboard */; };
		713A7BFE24C723B7006049FB /* PantaiViewController.swift in Sources */ = {isa = PBXBuildFile; fileRef = 713A7BFD24C723B7006049FB /* PantaiViewController.swift */; };
		71907B7A24BDFCD5008E44CF /* AppDelegate.swift in Sources */ = {isa = PBXBuildFile; fileRef = 71907B7924BDFCD5008E44CF /* AppDelegate.swift */; };
		71907B7C24BDFCD5008E44CF /* SceneDelegate.swift in Sources */ = {isa = PBXBuildFile; fileRef = 71907B7B24BDFCD5008E44CF /* SceneDelegate.swift */; };
		71907B8424BDFCD5008E44CF /* MC3_14_ProjectKura.xcdatamodeld in Sources */ = {isa = PBXBuildFile; fileRef = 71907B8224BDFCD5008E44CF /* MC3_14_ProjectKura.xcdatamodeld */; };
		71907B8624BDFCD7008E44CF /* Assets.xcassets in Resources */ = {isa = PBXBuildFile; fileRef = 71907B8524BDFCD7008E44CF /* Assets.xcassets */; };
		71907B8924BDFCD7008E44CF /* LaunchScreen.storyboard in Resources */ = {isa = PBXBuildFile; fileRef = 71907B8724BDFCD7008E44CF /* LaunchScreen.storyboard */; };
		CB0DABDB24CECA1200AD2DAF /* UIButton + Extensions.swift in Sources */ = {isa = PBXBuildFile; fileRef = CB0DABDA24CECA1200AD2DAF /* UIButton + Extensions.swift */; };
		CBB173CB24CAD1680090B742 /* QuestionsAndFacts.swift in Sources */ = {isa = PBXBuildFile; fileRef = CBB173CA24CAD1680090B742 /* QuestionsAndFacts.swift */; };
		CBC4A83724CEC61700B3F5DC /* Rubik-Regular.ttf in Resources */ = {isa = PBXBuildFile; fileRef = CBC4A82C24CEC61700B3F5DC /* Rubik-Regular.ttf */; };
		CBC4A83D24CEC6C400B3F5DC /* FredokaOne-Regular.ttf in Resources */ = {isa = PBXBuildFile; fileRef = CBC4A83B24CEC6C400B3F5DC /* FredokaOne-Regular.ttf */; };
		EC1E480A24CEC0D600975C83 /* Onboarding.storyboard in Resources */ = {isa = PBXBuildFile; fileRef = EC1E480924CEC0D600975C83 /* Onboarding.storyboard */; };
		EC1E480D24CEF0B400975C83 /* CafeViewController.swift in Sources */ = {isa = PBXBuildFile; fileRef = EC1E480C24CEF0B400975C83 /* CafeViewController.swift */; };
		EC1E480F24CEFC4400975C83 /* PantaiOnboardingViewController.swift in Sources */ = {isa = PBXBuildFile; fileRef = EC1E480E24CEFC4400975C83 /* PantaiOnboardingViewController.swift */; };
		ECA008C424D029EB00148809 /* LetterViewController.swift in Sources */ = {isa = PBXBuildFile; fileRef = ECA008C324D029EB00148809 /* LetterViewController.swift */; };
		ECC8D9C324CFC2BF00ACD8E4 /* OnboardingQuestion.swift in Sources */ = {isa = PBXBuildFile; fileRef = ECC8D9C224CFC2BF00ACD8E4 /* OnboardingQuestion.swift */; };
		ECDD86F624D173EA002A2CF3 /* RumahOnboardingViewController.swift in Sources */ = {isa = PBXBuildFile; fileRef = ECDD86F524D173EA002A2CF3 /* RumahOnboardingViewController.swift */; };
/* End PBXBuildFile section */

/* Begin PBXFileReference section */
		572ABDC624C6D75D00481B86 /* UIViewController+Extensions.swift */ = {isa = PBXFileReference; lastKnownFileType = sourcecode.swift; path = "UIViewController+Extensions.swift"; sourceTree = "<group>"; };
		57392E9124D1637A00908246 /* AudioPlayer.swift */ = {isa = PBXFileReference; lastKnownFileType = sourcecode.swift; path = AudioPlayer.swift; sourceTree = "<group>"; };
		57392E9324D1645100908246 /* after-the-rain.wav */ = {isa = PBXFileReference; lastKnownFileType = audio.wav; path = "after-the-rain.wav"; sourceTree = "<group>"; };
		57392E9A24D188D100908246 /* beach-waves.wav */ = {isa = PBXFileReference; lastKnownFileType = audio.wav; path = "beach-waves.wav"; sourceTree = "<group>"; };
		5756A52424D056E100839343 /* PhoneViewController.swift */ = {isa = PBXFileReference; lastKnownFileType = sourcecode.swift; path = PhoneViewController.swift; sourceTree = "<group>"; };
		57777DF024CACA7F00C3F342 /* FadeAnimation.swift */ = {isa = PBXFileReference; lastKnownFileType = sourcecode.swift; path = FadeAnimation.swift; sourceTree = "<group>"; };
		57CAC68C24C590DF00062191 /* Score+Extensions.swift */ = {isa = PBXFileReference; lastKnownFileType = sourcecode.swift; path = "Score+Extensions.swift"; sourceTree = "<group>"; };
		57D68BE924D2B83600C7BB1E /* BetterLife_Kantor.mp3 */ = {isa = PBXFileReference; lastKnownFileType = audio.mp3; path = BetterLife_Kantor.mp3; sourceTree = "<group>"; };
		57D68BEA24D2B83600C7BB1E /* DoneWithWork_Cafe.mp3 */ = {isa = PBXFileReference; lastKnownFileType = audio.mp3; path = DoneWithWork_Cafe.mp3; sourceTree = "<group>"; };
		57D68BED24D2DA8A00C7BB1E /* MainViewController.swift */ = {isa = PBXFileReference; lastKnownFileType = sourcecode.swift; path = MainViewController.swift; sourceTree = "<group>"; };
		57D68BEF24D2F7A500C7BB1E /* ImageViewWithPersistentAnimations.swift */ = {isa = PBXFileReference; lastKnownFileType = sourcecode.swift; path = ImageViewWithPersistentAnimations.swift; sourceTree = "<group>"; };
		710F595024C595870037185E /* Rumah.storyboard */ = {isa = PBXFileReference; lastKnownFileType = file.storyboard; path = Rumah.storyboard; sourceTree = "<group>"; };
		710F595224C5F6380037185E /* RumahViewController.swift */ = {isa = PBXFileReference; lastKnownFileType = sourcecode.swift; name = RumahViewController.swift; path = MC3_14_ProjectKura/Storyboards/RumahViewController.swift; sourceTree = SOURCE_ROOT; };
		710F595424C601790037185E /* Gradient.swift */ = {isa = PBXFileReference; lastKnownFileType = sourcecode.swift; name = Gradient.swift; path = MC3_14_ProjectKura/Storyboards/Gradient.swift; sourceTree = SOURCE_ROOT; };
		713A7BFB24C6DAFB006049FB /* Pantai.storyboard */ = {isa = PBXFileReference; lastKnownFileType = file.storyboard; path = Pantai.storyboard; sourceTree = "<group>"; };
		713A7BFD24C723B7006049FB /* PantaiViewController.swift */ = {isa = PBXFileReference; lastKnownFileType = sourcecode.swift; name = PantaiViewController.swift; path = Pantai/PantaiViewController.swift; sourceTree = SOURCE_ROOT; };
		71907B7624BDFCD5008E44CF /* MC3_14_ProjectKura.app */ = {isa = PBXFileReference; explicitFileType = wrapper.application; includeInIndex = 0; path = MC3_14_ProjectKura.app; sourceTree = BUILT_PRODUCTS_DIR; };
		71907B7924BDFCD5008E44CF /* AppDelegate.swift */ = {isa = PBXFileReference; lastKnownFileType = sourcecode.swift; path = AppDelegate.swift; sourceTree = "<group>"; };
		71907B7B24BDFCD5008E44CF /* SceneDelegate.swift */ = {isa = PBXFileReference; lastKnownFileType = sourcecode.swift; path = SceneDelegate.swift; sourceTree = "<group>"; };
		71907B8324BDFCD5008E44CF /* MC3_14_ProjectKura.xcdatamodel */ = {isa = PBXFileReference; lastKnownFileType = wrapper.xcdatamodel; path = MC3_14_ProjectKura.xcdatamodel; sourceTree = "<group>"; };
		71907B8524BDFCD7008E44CF /* Assets.xcassets */ = {isa = PBXFileReference; lastKnownFileType = folder.assetcatalog; path = Assets.xcassets; sourceTree = "<group>"; };
		71907B8824BDFCD7008E44CF /* Base */ = {isa = PBXFileReference; lastKnownFileType = file.storyboard; name = Base; path = Base.lproj/LaunchScreen.storyboard; sourceTree = "<group>"; };
		71907B8A24BDFCD7008E44CF /* Info.plist */ = {isa = PBXFileReference; lastKnownFileType = text.plist.xml; path = Info.plist; sourceTree = "<group>"; };
		CB0DABDA24CECA1200AD2DAF /* UIButton + Extensions.swift */ = {isa = PBXFileReference; lastKnownFileType = sourcecode.swift; path = "UIButton + Extensions.swift"; sourceTree = "<group>"; };
		CBB173CA24CAD1680090B742 /* QuestionsAndFacts.swift */ = {isa = PBXFileReference; lastKnownFileType = sourcecode.swift; path = QuestionsAndFacts.swift; sourceTree = "<group>"; };
		CBC4A82C24CEC61700B3F5DC /* Rubik-Regular.ttf */ = {isa = PBXFileReference; lastKnownFileType = file; path = "Rubik-Regular.ttf"; sourceTree = "<group>"; };
		CBC4A83B24CEC6C400B3F5DC /* FredokaOne-Regular.ttf */ = {isa = PBXFileReference; lastKnownFileType = file; path = "FredokaOne-Regular.ttf"; sourceTree = "<group>"; };
		EC1E480924CEC0D600975C83 /* Onboarding.storyboard */ = {isa = PBXFileReference; lastKnownFileType = file.storyboard; path = Onboarding.storyboard; sourceTree = "<group>"; };
		EC1E480C24CEF0B400975C83 /* CafeViewController.swift */ = {isa = PBXFileReference; lastKnownFileType = sourcecode.swift; path = CafeViewController.swift; sourceTree = "<group>"; };
		EC1E480E24CEFC4400975C83 /* PantaiOnboardingViewController.swift */ = {isa = PBXFileReference; lastKnownFileType = sourcecode.swift; name = PantaiOnboardingViewController.swift; path = MC3_14_ProjectKura/Controllers/Onboarding/PantaiOnboardingViewController.swift; sourceTree = SOURCE_ROOT; };
		ECA008C324D029EB00148809 /* LetterViewController.swift */ = {isa = PBXFileReference; lastKnownFileType = sourcecode.swift; path = LetterViewController.swift; sourceTree = "<group>"; };
		ECB1369524D2E32A00156A25 /* Rubik-Bold.ttf */ = {isa = PBXFileReference; lastKnownFileType = file; path = "Rubik-Bold.ttf"; sourceTree = "<group>"; };
		ECC8D9C224CFC2BF00ACD8E4 /* OnboardingQuestion.swift */ = {isa = PBXFileReference; lastKnownFileType = sourcecode.swift; path = OnboardingQuestion.swift; sourceTree = "<group>"; };
		ECDD86F524D173EA002A2CF3 /* RumahOnboardingViewController.swift */ = {isa = PBXFileReference; lastKnownFileType = sourcecode.swift; path = RumahOnboardingViewController.swift; sourceTree = "<group>"; };
/* End PBXFileReference section */

/* Begin PBXFrameworksBuildPhase section */
		71907B7324BDFCD5008E44CF /* Frameworks */ = {
			isa = PBXFrameworksBuildPhase;
			buildActionMask = 2147483647;
			files = (
			);
			runOnlyForDeploymentPostprocessing = 0;
		};
/* End PBXFrameworksBuildPhase section */

/* Begin PBXGroup section */
		572ABDC524C6D74800481B86 /* Extensions */ = {
			isa = PBXGroup;
			children = (
				572ABDC624C6D75D00481B86 /* UIViewController+Extensions.swift */,
				CB0DABDA24CECA1200AD2DAF /* UIButton + Extensions.swift */,
			);
			path = Extensions;
			sourceTree = "<group>";
		};
		57392E9524D1694B00908246 /* Sounds */ = {
			isa = PBXGroup;
			children = (
				57392E9324D1645100908246 /* after-the-rain.wav */,
				57392E9A24D188D100908246 /* beach-waves.wav */,
				57D68BE924D2B83600C7BB1E /* BetterLife_Kantor.mp3 */,
				57D68BEA24D2B83600C7BB1E /* DoneWithWork_Cafe.mp3 */,
			);
			path = Sounds;
			sourceTree = "<group>";
		};
		57777DEF24CACA6C00C3F342 /* Helper */ = {
			isa = PBXGroup;
			children = (
				57777DF024CACA7F00C3F342 /* FadeAnimation.swift */,
				57392E9124D1637A00908246 /* AudioPlayer.swift */,
			);
			path = Helper;
			sourceTree = "<group>";
		};
		5789034C24BF16F2006A0291 /* Models */ = {
			isa = PBXGroup;
			children = (
				57CAC68C24C590DF00062191 /* Score+Extensions.swift */,
				710F595424C601790037185E /* Gradient.swift */,
				CBB173CA24CAD1680090B742 /* QuestionsAndFacts.swift */,
				ECC8D9C224CFC2BF00ACD8E4 /* OnboardingQuestion.swift */,
			);
			path = Models;
			sourceTree = "<group>";
		};
		5789034D24BF16FC006A0291 /* Views */ = {
			isa = PBXGroup;
			children = (
				57D68BEF24D2F7A500C7BB1E /* ImageViewWithPersistentAnimations.swift */,
			);
			path = Views;
			sourceTree = "<group>";
		};
		5789034F24BF170C006A0291 /* Controllers */ = {
			isa = PBXGroup;
			children = (
				57D68BED24D2DA8A00C7BB1E /* MainViewController.swift */,
				EC1E480B24CEF07600975C83 /* Onboarding */,
				5789035224BF179F006A0291 /* Rumah */,
				5789035124BF1797006A0291 /* Pantai */,
			);
			path = Controllers;
			sourceTree = "<group>";
		};
		5789035024BF1729006A0291 /* Storyboards */ = {
			isa = PBXGroup;
			children = (
				71907B8724BDFCD7008E44CF /* LaunchScreen.storyboard */,
				710F595024C595870037185E /* Rumah.storyboard */,
				713A7BFB24C6DAFB006049FB /* Pantai.storyboard */,
				EC1E480924CEC0D600975C83 /* Onboarding.storyboard */,
			);
			path = Storyboards;
			sourceTree = "<group>";
		};
		5789035124BF1797006A0291 /* Pantai */ = {
			isa = PBXGroup;
			children = (
				713A7BFD24C723B7006049FB /* PantaiViewController.swift */,
			);
			path = Pantai;
			sourceTree = "<group>";
		};
		5789035224BF179F006A0291 /* Rumah */ = {
			isa = PBXGroup;
			children = (
				710F595224C5F6380037185E /* RumahViewController.swift */,
			);
			path = Rumah;
			sourceTree = "<group>";
		};
		71907B6D24BDFCD5008E44CF = {
			isa = PBXGroup;
			children = (
				71907B7824BDFCD5008E44CF /* MC3_14_ProjectKura */,
				71907B7724BDFCD5008E44CF /* Products */,
			);
			sourceTree = "<group>";
		};
		71907B7724BDFCD5008E44CF /* Products */ = {
			isa = PBXGroup;
			children = (
				71907B7624BDFCD5008E44CF /* MC3_14_ProjectKura.app */,
			);
			name = Products;
			sourceTree = "<group>";
		};
		71907B7824BDFCD5008E44CF /* MC3_14_ProjectKura */ = {
			isa = PBXGroup;
			children = (
				57392E9524D1694B00908246 /* Sounds */,
				CBC4A82124CEC5EB00B3F5DC /* Fonts */,
				71907B7924BDFCD5008E44CF /* AppDelegate.swift */,
				71907B7B24BDFCD5008E44CF /* SceneDelegate.swift */,
				57777DEF24CACA6C00C3F342 /* Helper */,
				572ABDC524C6D74800481B86 /* Extensions */,
				5789034C24BF16F2006A0291 /* Models */,
				5789034D24BF16FC006A0291 /* Views */,
				5789034F24BF170C006A0291 /* Controllers */,
				5789035024BF1729006A0291 /* Storyboards */,
				71907B8524BDFCD7008E44CF /* Assets.xcassets */,
				71907B8A24BDFCD7008E44CF /* Info.plist */,
				71907B8224BDFCD5008E44CF /* MC3_14_ProjectKura.xcdatamodeld */,
			);
			path = MC3_14_ProjectKura;
			sourceTree = "<group>";
		};
		CBC4A82124CEC5EB00B3F5DC /* Fonts */ = {
			isa = PBXGroup;
			children = (
				CBC4A83924CEC6C400B3F5DC /* Fredoka_One */,
				CBC4A82224CEC61700B3F5DC /* Rubik */,
			);
			path = Fonts;
			sourceTree = "<group>";
		};
		CBC4A82224CEC61700B3F5DC /* Rubik */ = {
			isa = PBXGroup;
			children = (
				ECB1369524D2E32A00156A25 /* Rubik-Bold.ttf */,
				CBC4A82C24CEC61700B3F5DC /* Rubik-Regular.ttf */,
			);
			path = Rubik;
			sourceTree = "<group>";
		};
		CBC4A83924CEC6C400B3F5DC /* Fredoka_One */ = {
			isa = PBXGroup;
			children = (
				CBC4A83B24CEC6C400B3F5DC /* FredokaOne-Regular.ttf */,
			);
			path = Fredoka_One;
			sourceTree = "<group>";
		};
		EC1E480B24CEF07600975C83 /* Onboarding */ = {
			isa = PBXGroup;
			children = (
				EC1E480C24CEF0B400975C83 /* CafeViewController.swift */,
				EC1E480E24CEFC4400975C83 /* PantaiOnboardingViewController.swift */,
				ECA008C324D029EB00148809 /* LetterViewController.swift */,
				5756A52424D056E100839343 /* PhoneViewController.swift */,
				ECDD86F524D173EA002A2CF3 /* RumahOnboardingViewController.swift */,
			);
			path = Onboarding;
			sourceTree = "<group>";
		};
/* End PBXGroup section */

/* Begin PBXNativeTarget section */
		71907B7524BDFCD5008E44CF /* MC3_14_ProjectKura */ = {
			isa = PBXNativeTarget;
			buildConfigurationList = 71907B8D24BDFCD7008E44CF /* Build configuration list for PBXNativeTarget "MC3_14_ProjectKura" */;
			buildPhases = (
				71907B7224BDFCD5008E44CF /* Sources */,
				71907B7324BDFCD5008E44CF /* Frameworks */,
				71907B7424BDFCD5008E44CF /* Resources */,
			);
			buildRules = (
			);
			dependencies = (
			);
			name = MC3_14_ProjectKura;
			productName = MC3_14_ProjectKura;
			productReference = 71907B7624BDFCD5008E44CF /* MC3_14_ProjectKura.app */;
			productType = "com.apple.product-type.application";
		};
/* End PBXNativeTarget section */

/* Begin PBXProject section */
		71907B6E24BDFCD5008E44CF /* Project object */ = {
			isa = PBXProject;
			attributes = {
				LastSwiftUpdateCheck = 1150;
				LastUpgradeCheck = 1150;
				ORGANIZATIONNAME = "Vincent Anderson Ngadiman";
				TargetAttributes = {
					71907B7524BDFCD5008E44CF = {
						CreatedOnToolsVersion = 11.5;
					};
				};
			};
			buildConfigurationList = 71907B7124BDFCD5008E44CF /* Build configuration list for PBXProject "MC3_14_ProjectKura" */;
			compatibilityVersion = "Xcode 9.3";
			developmentRegion = en;
			hasScannedForEncodings = 0;
			knownRegions = (
				en,
				Base,
			);
			mainGroup = 71907B6D24BDFCD5008E44CF;
			productRefGroup = 71907B7724BDFCD5008E44CF /* Products */;
			projectDirPath = "";
			projectRoot = "";
			targets = (
				71907B7524BDFCD5008E44CF /* MC3_14_ProjectKura */,
			);
		};
/* End PBXProject section */

/* Begin PBXResourcesBuildPhase section */
		71907B7424BDFCD5008E44CF /* Resources */ = {
			isa = PBXResourcesBuildPhase;
			buildActionMask = 2147483647;
			files = (
				710F595124C595870037185E /* Rumah.storyboard in Resources */,
				CBC4A83724CEC61700B3F5DC /* Rubik-Regular.ttf in Resources */,
				EC1E480A24CEC0D600975C83 /* Onboarding.storyboard in Resources */,
				57D68BEB24D2B83600C7BB1E /* BetterLife_Kantor.mp3 in Resources */,
				713A7BFC24C6DAFB006049FB /* Pantai.storyboard in Resources */,
				CBC4A83D24CEC6C400B3F5DC /* FredokaOne-Regular.ttf in Resources */,
				57392E9B24D188D100908246 /* beach-waves.wav in Resources */,
				57392E9424D1645100908246 /* after-the-rain.wav in Resources */,
				71907B8924BDFCD7008E44CF /* LaunchScreen.storyboard in Resources */,
				71907B8624BDFCD7008E44CF /* Assets.xcassets in Resources */,
				57D68BEC24D2B83600C7BB1E /* DoneWithWork_Cafe.mp3 in Resources */,
			);
			runOnlyForDeploymentPostprocessing = 0;
		};
/* End PBXResourcesBuildPhase section */

/* Begin PBXSourcesBuildPhase section */
		71907B7224BDFCD5008E44CF /* Sources */ = {
			isa = PBXSourcesBuildPhase;
			buildActionMask = 2147483647;
			files = (
				CB0DABDB24CECA1200AD2DAF /* UIButton + Extensions.swift in Sources */,
				57CAC68D24C590DF00062191 /* Score+Extensions.swift in Sources */,
				57777DF124CACA7F00C3F342 /* FadeAnimation.swift in Sources */,
				ECDD86F624D173EA002A2CF3 /* RumahOnboardingViewController.swift in Sources */,
				71907B7A24BDFCD5008E44CF /* AppDelegate.swift in Sources */,
				57D68BEE24D2DA8A00C7BB1E /* MainViewController.swift in Sources */,
				ECC8D9C324CFC2BF00ACD8E4 /* OnboardingQuestion.swift in Sources */,
				71907B7C24BDFCD5008E44CF /* SceneDelegate.swift in Sources */,
				EC1E480D24CEF0B400975C83 /* CafeViewController.swift in Sources */,
				CBB173CB24CAD1680090B742 /* QuestionsAndFacts.swift in Sources */,
				572ABDC724C6D75D00481B86 /* UIViewController+Extensions.swift in Sources */,
				713A7BFE24C723B7006049FB /* PantaiViewController.swift in Sources */,
				57392E9224D1637A00908246 /* AudioPlayer.swift in Sources */,
				71907B8424BDFCD5008E44CF /* MC3_14_ProjectKura.xcdatamodeld in Sources */,
				EC1E480F24CEFC4400975C83 /* PantaiOnboardingViewController.swift in Sources */,
				710F595324C5F6380037185E /* RumahViewController.swift in Sources */,
				57D68BF024D2F7A500C7BB1E /* ImageViewWithPersistentAnimations.swift in Sources */,
				5756A52524D056E100839343 /* PhoneViewController.swift in Sources */,
				ECA008C424D029EB00148809 /* LetterViewController.swift in Sources */,
				710F595524C601790037185E /* Gradient.swift in Sources */,
			);
			runOnlyForDeploymentPostprocessing = 0;
		};
/* End PBXSourcesBuildPhase section */

/* Begin PBXVariantGroup section */
		71907B8724BDFCD7008E44CF /* LaunchScreen.storyboard */ = {
			isa = PBXVariantGroup;
			children = (
				71907B8824BDFCD7008E44CF /* Base */,
			);
			name = LaunchScreen.storyboard;
			sourceTree = "<group>";
		};
/* End PBXVariantGroup section */

/* Begin XCBuildConfiguration section */
		71907B8B24BDFCD7008E44CF /* Debug */ = {
			isa = XCBuildConfiguration;
			buildSettings = {
				ALWAYS_SEARCH_USER_PATHS = NO;
				CLANG_ANALYZER_NONNULL = YES;
				CLANG_ANALYZER_NUMBER_OBJECT_CONVERSION = YES_AGGRESSIVE;
				CLANG_CXX_LANGUAGE_STANDARD = "gnu++14";
				CLANG_CXX_LIBRARY = "libc++";
				CLANG_ENABLE_MODULES = YES;
				CLANG_ENABLE_OBJC_ARC = YES;
				CLANG_ENABLE_OBJC_WEAK = YES;
				CLANG_WARN_BLOCK_CAPTURE_AUTORELEASING = YES;
				CLANG_WARN_BOOL_CONVERSION = YES;
				CLANG_WARN_COMMA = YES;
				CLANG_WARN_CONSTANT_CONVERSION = YES;
				CLANG_WARN_DEPRECATED_OBJC_IMPLEMENTATIONS = YES;
				CLANG_WARN_DIRECT_OBJC_ISA_USAGE = YES_ERROR;
				CLANG_WARN_DOCUMENTATION_COMMENTS = YES;
				CLANG_WARN_EMPTY_BODY = YES;
				CLANG_WARN_ENUM_CONVERSION = YES;
				CLANG_WARN_INFINITE_RECURSION = YES;
				CLANG_WARN_INT_CONVERSION = YES;
				CLANG_WARN_NON_LITERAL_NULL_CONVERSION = YES;
				CLANG_WARN_OBJC_IMPLICIT_RETAIN_SELF = YES;
				CLANG_WARN_OBJC_LITERAL_CONVERSION = YES;
				CLANG_WARN_OBJC_ROOT_CLASS = YES_ERROR;
				CLANG_WARN_RANGE_LOOP_ANALYSIS = YES;
				CLANG_WARN_STRICT_PROTOTYPES = YES;
				CLANG_WARN_SUSPICIOUS_MOVE = YES;
				CLANG_WARN_UNGUARDED_AVAILABILITY = YES_AGGRESSIVE;
				CLANG_WARN_UNREACHABLE_CODE = YES;
				CLANG_WARN__DUPLICATE_METHOD_MATCH = YES;
				COPY_PHASE_STRIP = NO;
				DEBUG_INFORMATION_FORMAT = dwarf;
				ENABLE_STRICT_OBJC_MSGSEND = YES;
				ENABLE_TESTABILITY = YES;
				GCC_C_LANGUAGE_STANDARD = gnu11;
				GCC_DYNAMIC_NO_PIC = NO;
				GCC_NO_COMMON_BLOCKS = YES;
				GCC_OPTIMIZATION_LEVEL = 0;
				GCC_PREPROCESSOR_DEFINITIONS = (
					"DEBUG=1",
					"$(inherited)",
				);
				GCC_WARN_64_TO_32_BIT_CONVERSION = YES;
				GCC_WARN_ABOUT_RETURN_TYPE = YES_ERROR;
				GCC_WARN_UNDECLARED_SELECTOR = YES;
				GCC_WARN_UNINITIALIZED_AUTOS = YES_AGGRESSIVE;
				GCC_WARN_UNUSED_FUNCTION = YES;
				GCC_WARN_UNUSED_VARIABLE = YES;
				IPHONEOS_DEPLOYMENT_TARGET = 13.5;
				MTL_ENABLE_DEBUG_INFO = INCLUDE_SOURCE;
				MTL_FAST_MATH = YES;
				ONLY_ACTIVE_ARCH = YES;
				SDKROOT = iphoneos;
				SWIFT_ACTIVE_COMPILATION_CONDITIONS = DEBUG;
				SWIFT_OPTIMIZATION_LEVEL = "-Onone";
			};
			name = Debug;
		};
		71907B8C24BDFCD7008E44CF /* Release */ = {
			isa = XCBuildConfiguration;
			buildSettings = {
				ALWAYS_SEARCH_USER_PATHS = NO;
				CLANG_ANALYZER_NONNULL = YES;
				CLANG_ANALYZER_NUMBER_OBJECT_CONVERSION = YES_AGGRESSIVE;
				CLANG_CXX_LANGUAGE_STANDARD = "gnu++14";
				CLANG_CXX_LIBRARY = "libc++";
				CLANG_ENABLE_MODULES = YES;
				CLANG_ENABLE_OBJC_ARC = YES;
				CLANG_ENABLE_OBJC_WEAK = YES;
				CLANG_WARN_BLOCK_CAPTURE_AUTORELEASING = YES;
				CLANG_WARN_BOOL_CONVERSION = YES;
				CLANG_WARN_COMMA = YES;
				CLANG_WARN_CONSTANT_CONVERSION = YES;
				CLANG_WARN_DEPRECATED_OBJC_IMPLEMENTATIONS = YES;
				CLANG_WARN_DIRECT_OBJC_ISA_USAGE = YES_ERROR;
				CLANG_WARN_DOCUMENTATION_COMMENTS = YES;
				CLANG_WARN_EMPTY_BODY = YES;
				CLANG_WARN_ENUM_CONVERSION = YES;
				CLANG_WARN_INFINITE_RECURSION = YES;
				CLANG_WARN_INT_CONVERSION = YES;
				CLANG_WARN_NON_LITERAL_NULL_CONVERSION = YES;
				CLANG_WARN_OBJC_IMPLICIT_RETAIN_SELF = YES;
				CLANG_WARN_OBJC_LITERAL_CONVERSION = YES;
				CLANG_WARN_OBJC_ROOT_CLASS = YES_ERROR;
				CLANG_WARN_RANGE_LOOP_ANALYSIS = YES;
				CLANG_WARN_STRICT_PROTOTYPES = YES;
				CLANG_WARN_SUSPICIOUS_MOVE = YES;
				CLANG_WARN_UNGUARDED_AVAILABILITY = YES_AGGRESSIVE;
				CLANG_WARN_UNREACHABLE_CODE = YES;
				CLANG_WARN__DUPLICATE_METHOD_MATCH = YES;
				COPY_PHASE_STRIP = NO;
				DEBUG_INFORMATION_FORMAT = "dwarf-with-dsym";
				ENABLE_NS_ASSERTIONS = NO;
				ENABLE_STRICT_OBJC_MSGSEND = YES;
				GCC_C_LANGUAGE_STANDARD = gnu11;
				GCC_NO_COMMON_BLOCKS = YES;
				GCC_WARN_64_TO_32_BIT_CONVERSION = YES;
				GCC_WARN_ABOUT_RETURN_TYPE = YES_ERROR;
				GCC_WARN_UNDECLARED_SELECTOR = YES;
				GCC_WARN_UNINITIALIZED_AUTOS = YES_AGGRESSIVE;
				GCC_WARN_UNUSED_FUNCTION = YES;
				GCC_WARN_UNUSED_VARIABLE = YES;
				IPHONEOS_DEPLOYMENT_TARGET = 13.5;
				MTL_ENABLE_DEBUG_INFO = NO;
				MTL_FAST_MATH = YES;
				SDKROOT = iphoneos;
				SWIFT_COMPILATION_MODE = wholemodule;
				SWIFT_OPTIMIZATION_LEVEL = "-O";
				VALIDATE_PRODUCT = YES;
			};
			name = Release;
		};
		71907B8E24BDFCD7008E44CF /* Debug */ = {
			isa = XCBuildConfiguration;
			buildSettings = {
				ASSETCATALOG_COMPILER_APPICON_NAME = AppIcon;
				CODE_SIGN_STYLE = Automatic;
				DEVELOPMENT_TEAM = 4C46CAZW8L;
				INFOPLIST_FILE = MC3_14_ProjectKura/Info.plist;
				LD_RUNPATH_SEARCH_PATHS = (
					"$(inherited)",
					"@executable_path/Frameworks",
				);
				PRODUCT_BUNDLE_IDENTIFIER = "MC3-14.MC3-14-ProjectKura";
				PRODUCT_NAME = "$(TARGET_NAME)";
				SWIFT_VERSION = 5.0;
				TARGETED_DEVICE_FAMILY = "1,2";
			};
			name = Debug;
		};
		71907B8F24BDFCD7008E44CF /* Release */ = {
			isa = XCBuildConfiguration;
			buildSettings = {
				ASSETCATALOG_COMPILER_APPICON_NAME = AppIcon;
				CODE_SIGN_STYLE = Automatic;
				DEVELOPMENT_TEAM = 4C46CAZW8L;
				INFOPLIST_FILE = MC3_14_ProjectKura/Info.plist;
				LD_RUNPATH_SEARCH_PATHS = (
					"$(inherited)",
					"@executable_path/Frameworks",
				);
				PRODUCT_BUNDLE_IDENTIFIER = "MC3-14.MC3-14-ProjectKura";
				PRODUCT_NAME = "$(TARGET_NAME)";
				SWIFT_VERSION = 5.0;
				TARGETED_DEVICE_FAMILY = "1,2";
			};
			name = Release;
		};
/* End XCBuildConfiguration section */

/* Begin XCConfigurationList section */
		71907B7124BDFCD5008E44CF /* Build configuration list for PBXProject "MC3_14_ProjectKura" */ = {
			isa = XCConfigurationList;
			buildConfigurations = (
				71907B8B24BDFCD7008E44CF /* Debug */,
				71907B8C24BDFCD7008E44CF /* Release */,
			);
			defaultConfigurationIsVisible = 0;
			defaultConfigurationName = Release;
		};
		71907B8D24BDFCD7008E44CF /* Build configuration list for PBXNativeTarget "MC3_14_ProjectKura" */ = {
			isa = XCConfigurationList;
			buildConfigurations = (
				71907B8E24BDFCD7008E44CF /* Debug */,
				71907B8F24BDFCD7008E44CF /* Release */,
			);
			defaultConfigurationIsVisible = 0;
			defaultConfigurationName = Release;
		};
/* End XCConfigurationList section */

/* Begin XCVersionGroup section */
		71907B8224BDFCD5008E44CF /* MC3_14_ProjectKura.xcdatamodeld */ = {
			isa = XCVersionGroup;
			children = (
				71907B8324BDFCD5008E44CF /* MC3_14_ProjectKura.xcdatamodel */,
			);
			currentVersion = 71907B8324BDFCD5008E44CF /* MC3_14_ProjectKura.xcdatamodel */;
			path = MC3_14_ProjectKura.xcdatamodeld;
			sourceTree = "<group>";
			versionGroupType = wrapper.xcdatamodel;
		};
/* End XCVersionGroup section */
	};
	rootObject = 71907B6E24BDFCD5008E44CF /* Project object */;
}
